
Microsoft Visual Studio Solution File, Format Version 12.00
# Visual Studio Version 17
VisualStudioVersion = 17.14.36804.6
MinimumVisualStudioVersion = 10.0.40219.1
Project("{8BC9CEB8-8B4A-11D0-8D11-00A0C91BC942}") = "Helium", "src\Helium\Helium.vcxproj", "{4EA67EA7-5C92-490C-B721-16CF1FBDF65A}"
EndProject
Project("{FAE04EC0-301F-11D3-BF4B-00C04F79EFBC}") = "Neon", "src\Neon\Neon.csproj", "{8C88111C-6661-4260-908B-27F58B0ACC4E}"
	ProjectSection(ProjectDependencies) = postProject
		{4EA67EA7-5C92-490C-B721-16CF1FBDF65A} = {4EA67EA7-5C92-490C-B721-16CF1FBDF65A}
	EndProjectSection
EndProject
Project("{8BC9CEB8-8B4A-11D0-8D11-00A0C91BC942}") = "Hydrogen", "src\Hydrogen\Hydrogen.vcxproj", "{831DE5C3-33CE-466B-AECC-BA27CDF1FAA7}"
	ProjectSection(ProjectDependencies) = postProject
		{4EA67EA7-5C92-490C-B721-16CF1FBDF65A} = {4EA67EA7-5C92-490C-B721-16CF1FBDF65A}
		{851EF454-63B8-C53D-FEF7-928F479480B5} = {851EF454-63B8-C53D-FEF7-928F479480B5}
	EndProjectSection
EndProject
Project("{8BC9CEB8-8B4A-11D0-8D11-00A0C91BC942}") = "Neutron", "src\Neutron\Neutron.vcxproj", "{E3E8808B-FB50-44E4-8CE6-EE1DC2E067D2}"
EndProject
Project("{8BC9CEB8-8B4A-11D0-8D11-00A0C91BC942}") = "Copper", "src\Copper\Copper.vcxproj", "{851EF454-63B8-C53D-FEF7-928F479480B5}"
EndProject
Global
	GlobalSection(SolutionConfigurationPlatforms) = preSolution
		Debug|Any CPU = Debug|Any CPU
		Debug|x64 = Debug|x64
		Release|Any CPU = Release|Any CPU
		Release|x64 = Release|x64
	EndGlobalSection
	GlobalSection(ProjectConfigurationPlatforms) = postSolution
		{4EA67EA7-5C92-490C-B721-16CF1FBDF65A}.Debug|Any CPU.ActiveCfg = Debug|x64
		{4EA67EA7-5C92-490C-B721-16CF1FBDF65A}.Debug|Any CPU.Build.0 = Debug|x64
		{4EA67EA7-5C92-490C-B721-16CF1FBDF65A}.Debug|x64.ActiveCfg = Debug|x64
		{4EA67EA7-5C92-490C-B721-16CF1FBDF65A}.Debug|x64.Build.0 = Debug|x64
		{4EA67EA7-5C92-490C-B721-16CF1FBDF65A}.Release|Any CPU.ActiveCfg = Release|x64
		{4EA67EA7-5C92-490C-B721-16CF1FBDF65A}.Release|Any CPU.Build.0 = Release|x64
		{4EA67EA7-5C92-490C-B721-16CF1FBDF65A}.Release|x64.ActiveCfg = Release|x64
		{4EA67EA7-5C92-490C-B721-16CF1FBDF65A}.Release|x64.Build.0 = Release|x64
		{8C88111C-6661-4260-908B-27F58B0ACC4E}.Debug|Any CPU.ActiveCfg = Debug|Any CPU
		{8C88111C-6661-4260-908B-27F58B0ACC4E}.Debug|Any CPU.Build.0 = Debug|Any CPU
		{8C88111C-6661-4260-908B-27F58B0ACC4E}.Debug|x64.ActiveCfg = Debug|Any CPU
		{8C88111C-6661-4260-908B-27F58B0ACC4E}.Debug|x64.Build.0 = Debug|Any CPU
		{8C88111C-6661-4260-908B-27F58B0ACC4E}.Release|Any CPU.ActiveCfg = Release|Any CPU
		{8C88111C-6661-4260-908B-27F58B0ACC4E}.Release|Any CPU.Build.0 = Release|Any CPU
		{8C88111C-6661-4260-908B-27F58B0ACC4E}.Release|x64.ActiveCfg = Release|Any CPU
		{8C88111C-6661-4260-908B-27F58B0ACC4E}.Release|x64.Build.0 = Release|Any CPU
		{831DE5C3-33CE-466B-AECC-BA27CDF1FAA7}.Debug|Any CPU.ActiveCfg = Debug|x64
		{831DE5C3-33CE-466B-AECC-BA27CDF1FAA7}.Debug|Any CPU.Build.0 = Debug|x64
		{831DE5C3-33CE-466B-AECC-BA27CDF1FAA7}.Debug|x64.ActiveCfg = Debug|x64
		{831DE5C3-33CE-466B-AECC-BA27CDF1FAA7}.Debug|x64.Build.0 = Debug|x64
		{831DE5C3-33CE-466B-AECC-BA27CDF1FAA7}.Release|Any CPU.ActiveCfg = Release|x64
		{831DE5C3-33CE-466B-AECC-BA27CDF1FAA7}.Release|Any CPU.Build.0 = Release|x64
		{831DE5C3-33CE-466B-AECC-BA27CDF1FAA7}.Release|x64.ActiveCfg = Release|x64
		{831DE5C3-33CE-466B-AECC-BA27CDF1FAA7}.Release|x64.Build.0 = Release|x64
		{E3E8808B-FB50-44E4-8CE6-EE1DC2E067D2}.Debug|Any CPU.ActiveCfg = Debug|x64
		{E3E8808B-FB50-44E4-8CE6-EE1DC2E067D2}.Debug|Any CPU.Build.0 = Debug|x64
		{E3E8808B-FB50-44E4-8CE6-EE1DC2E067D2}.Debug|x64.ActiveCfg = Debug|x64
		{E3E8808B-FB50-44E4-8CE6-EE1DC2E067D2}.Debug|x64.Build.0 = Debug|x64
		{E3E8808B-FB50-44E4-8CE6-EE1DC2E067D2}.Release|Any CPU.ActiveCfg = Release|x64
		{E3E8808B-FB50-44E4-8CE6-EE1DC2E067D2}.Release|Any CPU.Build.0 = Release|x64
		{E3E8808B-FB50-44E4-8CE6-EE1DC2E067D2}.Release|x64.ActiveCfg = Release|x64
		{E3E8808B-FB50-44E4-8CE6-EE1DC2E067D2}.Release|x64.Build.0 = Release|x64
		{851EF454-63B8-C53D-FEF7-928F479480B5}.Debug|Any CPU.ActiveCfg = Debug|x64
		{851EF454-63B8-C53D-FEF7-928F479480B5}.Debug|Any CPU.Build.0 = Debug|x64
		{851EF454-63B8-C53D-FEF7-928F479480B5}.Debug|x64.ActiveCfg = Debug|x64
		{851EF454-63B8-C53D-FEF7-928F479480B5}.Debug|x64.Build.0 = Debug|x64
		{851EF454-63B8-C53D-FEF7-928F479480B5}.Release|Any CPU.ActiveCfg = Release|x64
		{851EF454-63B8-C53D-FEF7-928F479480B5}.Release|Any CPU.Build.0 = Release|x64
		{851EF454-63B8-C53D-FEF7-928F479480B5}.Release|x64.ActiveCfg = Release|x64
		{851EF454-63B8-C53D-FEF7-928F479480B5}.Release|x64.Build.0 = Release|x64
	EndGlobalSection
	GlobalSection(SolutionProperties) = preSolution
		HideSolutionNode = FALSE
	EndGlobalSection
	GlobalSection(ExtensibilityGlobals) = postSolution
		SolutionGuid = {CC88AF86-6537-4779-8FC9-CD7399729E62}
	EndGlobalSection
EndGlobal
