<?xml version="1.0" encoding="utf-8"?>
<Project ToolsVersion="4.0" xmlns="http://schemas.microsoft.com/developer/msbuild/2003">
  <ItemGroup>
    <Filter Include="소스 파일">
      <UniqueIdentifier>{4FC737F1-C7A5-4376-A066-2A32D752A2FF}</UniqueIdentifier>
      <Extensions>cpp;c;cc;cxx;c++;cppm;ixx;def;odl;idl;hpj;bat;asm;asmx</Extensions>
    </Filter>
    <Filter Include="헤더 파일">
      <UniqueIdentifier>{93995380-89BD-4b04-88EB-625FBE52EBFB}</UniqueIdentifier>
      <Extensions>h;hh;hpp;hxx;h++;hm;inl;inc;ipp;xsd</Extensions>
    </Filter>
    <Filter Include="리소스 파일">
      <UniqueIdentifier>{67DA6AB6-F800-4c08-8B7A-83BB121AAD01}</UniqueIdentifier>
      <Extensions>rc;ico;cur;bmp;dlg;rc2;rct;bin;rgs;gif;jpg;jpeg;jpe;resx;tiff;tif;png;wav;mfcribbon-ms</Extensions>
    </Filter>
    <Filter Include="헤더 파일\Helium">
      <UniqueIdentifier>{0f78f1a1-0888-437c-aac9-58380e8a2bed}</UniqueIdentifier>
    </Filter>
    <Filter Include="소스 파일\Backend">
      <UniqueIdentifier>{f63e3800-3fc2-418a-85f1-7b2f390c9873}</UniqueIdentifier>
    </Filter>
    <Filter Include="소스 파일\Component">
      <UniqueIdentifier>{c5c7d311-d6dd-4b5c-98f9-dbd6268c5297}</UniqueIdentifier>
    </Filter>
    <Filter Include="헤더 파일\Helium\Components">
      <UniqueIdentifier>{3842a6ae-baa6-4718-bab8-9c7b89d1614f}</UniqueIdentifier>
    </Filter>
    <Filter Include="헤더 파일\Helium\Backends">
      <UniqueIdentifier>{18c7d996-59d7-4775-86ac-40ad09bff648}</UniqueIdentifier>
    </Filter>
    <Filter Include="헤더 파일\Helium\Systems">
      <UniqueIdentifier>{7e8b8276-89b3-4c2d-8653-e5c8301f0a84}</UniqueIdentifier>
    </Filter>
    <Filter Include="소스 파일\Systems">
      <UniqueIdentifier>{f2b948e5-8169-418c-958a-5da9532a86ee}</UniqueIdentifier>
    </Filter>
    <Filter Include="리소스 파일\Shader">
      <UniqueIdentifier>{ce543324-e4a5-4dd6-8869-9bdf51d757e8}</UniqueIdentifier>
    </Filter>
    <Filter Include="소스 파일\SpatialPartitionings">
      <UniqueIdentifier>{7167c2cb-9cf7-4248-bd83-031a46a69b0f}</UniqueIdentifier>
    </Filter>
    <Filter Include="헤더 파일\Helium\SpatialPartitionings">
      <UniqueIdentifier>{9de884cd-18a6-4682-a04d-8a61daa23253}</UniqueIdentifier>
    </Filter>
    <Filter Include="헤더 파일\Helium\PointCloudProcessing">
      <UniqueIdentifier>{d336db79-3d51-496f-a8e4-20df951bed22}</UniqueIdentifier>
    </Filter>
    <Filter Include="소스 파일\PointCloudProcessing">
      <UniqueIdentifier>{1bb7c669-d535-492e-b6cb-b3787786ce2e}</UniqueIdentifier>
    </Filter>
  </ItemGroup>
  <ItemGroup>
    <ClInclude Include="framework.h">
      <Filter>헤더 파일</Filter>
    </ClInclude>
    <ClInclude Include="pch.h">
      <Filter>헤더 파일</Filter>
    </ClInclude>
    <ClInclude Include="..\..\inc\Helium\Helium.h">
      <Filter>헤더 파일\Helium</Filter>
    </ClInclude>
    <ClInclude Include="..\..\inc\Helium\GraphicsBuffer.h">
      <Filter>헤더 파일\Helium</Filter>
    </ClInclude>
    <ClInclude Include="..\..\inc\Helium\HeliumCommon.h">
      <Filter>헤더 파일\Helium</Filter>
    </ClInclude>
    <ClInclude Include="..\..\inc\Helium\Color.hpp">
      <Filter>헤더 파일\Helium</Filter>
    </ClInclude>
    <ClInclude Include="..\..\inc\Helium\Morton3D.hpp">
      <Filter>헤더 파일\Helium</Filter>
    </ClInclude>
    <ClInclude Include="..\..\inc\Helium\Backend\GraphicsBackend.h">
      <Filter>헤더 파일\Helium\Backends</Filter>
    </ClInclude>
    <ClInclude Include="..\..\inc\Helium\Backend\OpenGLBackend.h">
      <Filter>헤더 파일\Helium\Backends</Filter>
    </ClInclude>
    <ClInclude Include="..\..\inc\Helium\Backend\VulkanBackend.h">
      <Filter>헤더 파일\Helium\Backends</Filter>
    </ClInclude>
    <ClInclude Include="..\..\inc\Helium\HeliumCore.h">
      <Filter>헤더 파일\Helium</Filter>
    </ClInclude>
    <ClInclude Include="..\..\inc\Helium\Components\Components.h">
      <Filter>헤더 파일\Helium\Components</Filter>
    </ClInclude>
    <ClInclude Include="..\..\inc\Helium\Components\Shader.h">
      <Filter>헤더 파일\Helium\Components</Filter>
    </ClInclude>
    <ClInclude Include="..\..\inc\Helium\Systems\Systems.h">
      <Filter>헤더 파일\Helium\Systems</Filter>
    </ClInclude>
    <ClInclude Include="..\..\inc\Helium\Systems\HeliumSystem.h">
      <Filter>헤더 파일\Helium\Systems</Filter>
    </ClInclude>
    <ClInclude Include="..\..\inc\Helium\Systems\InputSystem.h">
      <Filter>헤더 파일\Helium\Systems</Filter>
    </ClInclude>
    <ClInclude Include="..\..\inc\Helium\HeliumEvents.h">
      <Filter>헤더 파일\Helium</Filter>
    </ClInclude>
    <ClInclude Include="..\..\inc\Helium\Systems\EventSystem.h">
      <Filter>헤더 파일\Helium\Systems</Filter>
    </ClInclude>
    <ClInclude Include="..\..\inc\Helium\Systems\RenderSystem.h">
      <Filter>헤더 파일\Helium\Systems</Filter>
    </ClInclude>
    <ClInclude Include="..\..\inc\Helium\Components\Transform.h">
      <Filter>헤더 파일\Helium\Components</Filter>
    </ClInclude>
    <ClInclude Include="..\..\inc\Helium\HeliumLog.h">
      <Filter>헤더 파일\Helium</Filter>
    </ClInclude>
    <ClInclude Include="..\..\inc\Helium\AttributeBuffer.h">
      <Filter>헤더 파일\Helium</Filter>
    </ClInclude>
    <ClInclude Include="..\..\inc\Helium\Components\Renderable.h">
      <Filter>헤더 파일\Helium\Components</Filter>
    </ClInclude>
    <ClInclude Include="..\..\inc\Helium\Components\Camera.h">
      <Filter>헤더 파일\Helium\Components</Filter>
    </ClInclude>
    <ClInclude Include="..\..\inc\Helium\Components\Light.h">
      <Filter>헤더 파일\Helium\Components</Filter>
    </ClInclude>
    <ClInclude Include="..\..\inc\Helium\Systems\ImmediateModeRenderSystem.h">
      <Filter>헤더 파일\Helium\Systems</Filter>
    </ClInclude>
    <ClInclude Include="..\..\inc\Helium\Components\CameraManipulator.h">
      <Filter>헤더 파일\Helium\Components</Filter>
    </ClInclude>
    <ClInclude Include="..\..\inc\Helium\EventCallback.hpp">
      <Filter>헤더 파일\Helium</Filter>
    </ClInclude>
    <ClInclude Include="..\..\inc\Helium\Components\Texture.h">
      <Filter>헤더 파일\Helium\Components</Filter>
    </ClInclude>
    <ClInclude Include="..\..\inc\Helium\File.h">
      <Filter>헤더 파일\Helium</Filter>
    </ClInclude>
    <ClInclude Include="..\..\inc\Helium\GeometryBuilder.h">
      <Filter>헤더 파일\Helium</Filter>
    </ClInclude>
    <ClInclude Include="..\..\inc\Helium\Serialization.hpp">
      <Filter>헤더 파일\Helium</Filter>
    </ClInclude>
    <ClInclude Include="..\..\inc\Helium\VisualDebugging.h">
      <Filter>헤더 파일\Helium</Filter>
    </ClInclude>
    <ClInclude Include="..\..\inc\Helium\PointCloud.h">
      <Filter>헤더 파일\Helium</Filter>
    </ClInclude>
    <ClInclude Include="..\..\inc\Helium\SpatialPartitionings\SparseGrid.h">
      <Filter>헤더 파일\Helium\SpatialPartitionings</Filter>
    </ClInclude>
    <ClInclude Include="..\..\inc\Helium\SpatialPartitionings\SpartialPartitionings.h">
      <Filter>헤더 파일\Helium\SpatialPartitionings</Filter>
    </ClInclude>
    <ClInclude Include="..\..\inc\Helium\SpatialPartitionings\SparseDataBlock.h">
      <Filter>헤더 파일\Helium\SpatialPartitionings</Filter>
    </ClInclude>
    <ClInclude Include="..\..\inc\Helium\SpatialPartitionings\ISpartialPartitioning.h">
      <Filter>헤더 파일\Helium\SpatialPartitionings</Filter>
    </ClInclude>
    <ClInclude Include="..\..\inc\Helium\SpatialPartitionings\Morton3D.hpp">
      <Filter>헤더 파일\Helium\SpatialPartitionings</Filter>
    </ClInclude>
    <ClInclude Include="..\..\inc\Helium\PointCloudProcessing\AtomicDisjointSet.h">
      <Filter>헤더 파일\Helium\PointCloudProcessing</Filter>
    </ClInclude>
  </ItemGroup>
  <ItemGroup>
    <ClCompile Include="dllmain.cpp">
      <Filter>소스 파일</Filter>
    </ClCompile>
    <ClCompile Include="pch.cpp">
      <Filter>소스 파일</Filter>
    </ClCompile>
    <ClCompile Include="Helium.cpp">
      <Filter>소스 파일</Filter>
    </ClCompile>
    <ClCompile Include="glad.c">
      <Filter>소스 파일</Filter>
    </ClCompile>
    <ClCompile Include="Monitor.cpp">
      <Filter>소스 파일</Filter>
    </ClCompile>
    <ClCompile Include="GraphicsBuffer.cpp">
      <Filter>소스 파일</Filter>
    </ClCompile>
    <ClCompile Include="Backend\OpenGLBackend.cpp">
      <Filter>소스 파일\Backend</Filter>
    </ClCompile>
    <ClCompile Include="Backend\VulkanBackend.cpp">
      <Filter>소스 파일\Backend</Filter>
    </ClCompile>
    <ClCompile Include="HeliumLog.cpp">
      <Filter>소스 파일</Filter>
    </ClCompile>
    <ClCompile Include="HeliumCore.cpp">
      <Filter>소스 파일</Filter>
    </ClCompile>
    <ClCompile Include="HeliumCommon.cpp">
      <Filter>소스 파일</Filter>
    </ClCompile>
    <ClCompile Include="Components\Shader.cpp">
      <Filter>소스 파일\Component</Filter>
    </ClCompile>
    <ClCompile Include="System\InputSystem.cpp">
      <Filter>소스 파일\Systems</Filter>
    </ClCompile>
    <ClCompile Include="System\EventSystem.cpp">
      <Filter>소스 파일\Systems</Filter>
    </ClCompile>
    <ClCompile Include="System\RenderSystem.cpp">
      <Filter>소스 파일\Systems</Filter>
    </ClCompile>
    <ClCompile Include="Components\Renderable.cpp">
      <Filter>소스 파일\Component</Filter>
    </ClCompile>
    <ClCompile Include="Components\Camera.cpp">
      <Filter>소스 파일\Component</Filter>
    </ClCompile>
    <ClCompile Include="System\ImmediateModeRenderSystem.cpp">
      <Filter>소스 파일\Systems</Filter>
    </ClCompile>
    <ClCompile Include="Components\CameraManipulator.cpp">
      <Filter>소스 파일\Component</Filter>
    </ClCompile>
    <ClCompile Include="Components\Transform.cpp">
      <Filter>소스 파일\Component</Filter>
    </ClCompile>
    <ClCompile Include="Components\Texture.cpp">
      <Filter>소스 파일\Component</Filter>
    </ClCompile>
    <ClCompile Include="File.cpp">
      <Filter>소스 파일</Filter>
    </ClCompile>
    <ClCompile Include="GeometryBuilder.cpp">
      <Filter>소스 파일</Filter>
    </ClCompile>
    <ClCompile Include="HeliumCoreInitialize.cpp">
      <Filter>소스 파일</Filter>
    </ClCompile>
    <ClCompile Include="VisualDebugging.cpp">
      <Filter>소스 파일</Filter>
    </ClCompile>
    <ClCompile Include="PointCloud.cpp">
      <Filter>소스 파일</Filter>
    </ClCompile>
    <ClCompile Include="SpatialPartitionings\SparseGrid.cpp">
      <Filter>소스 파일\SpatialPartitionings</Filter>
    </ClCompile>
    <ClCompile Include="SpatialPartitionings\SparseDataBlock.cpp">
      <Filter>소스 파일\SpatialPartitionings</Filter>
    </ClCompile>
    <ClCompile Include="PointCloudProcessing\AtomicDisjointSet.cpp">
      <Filter>소스 파일\PointCloudProcessing</Filter>
    </ClCompile>
    <ClCompile Include="HeliumCoreExecuteCommand.cpp">
      <Filter>소스 파일</Filter>
    </ClCompile>
  </ItemGroup>
  <ItemGroup>
    <None Include="..\..\res\Shaders\Default.fs">
      <Filter>리소스 파일\Shader</Filter>
    </None>
    <None Include="..\..\res\Shaders\Default.vs">
      <Filter>리소스 파일\Shader</Filter>
    </None>
    <None Include="..\..\res\Shaders\Flat.fs">
      <Filter>리소스 파일\Shader</Filter>
    </None>
    <None Include="..\..\res\Shaders\Flat.gs">
      <Filter>리소스 파일\Shader</Filter>
    </None>
    <None Include="..\..\res\Shaders\Flat.vs">
      <Filter>리소스 파일\Shader</Filter>
    </None>
    <None Include="..\..\res\Shaders\Grid.fs">
      <Filter>리소스 파일\Shader</Filter>
    </None>
    <None Include="..\..\res\Shaders\Grid.vs">
      <Filter>리소스 파일\Shader</Filter>
    </None>
    <None Include="..\..\res\Shaders\Instancing.fs">
      <Filter>리소스 파일\Shader</Filter>
    </None>
    <None Include="..\..\res\Shaders\Instancing.vs">
      <Filter>리소스 파일\Shader</Filter>
    </None>
    <None Include="..\..\res\Shaders\InstancingWithoutLighting.fs">
      <Filter>리소스 파일\Shader</Filter>
    </None>
    <None Include="..\..\res\Shaders\InstancingWithoutLighting.vs">
      <Filter>리소스 파일\Shader</Filter>
    </None>
    <None Include="..\..\res\Shaders\InstancingWithoutNormal.fs">
      <Filter>리소스 파일\Shader</Filter>
    </None>
    <None Include="..\..\res\Shaders\InstancingWithoutNormal.vs">
      <Filter>리소스 파일\Shader</Filter>
    </None>
    <None Include="..\..\res\Shaders\Line.fs">
      <Filter>리소스 파일\Shader</Filter>
    </None>
    <None Include="..\..\res\Shaders\Line.vs">
      <Filter>리소스 파일\Shader</Filter>
    </None>
    <None Include="..\..\res\Shaders\Mesh.fs">
      <Filter>리소스 파일\Shader</Filter>
    </None>
    <None Include="..\..\res\Shaders\Mesh.vs">
      <Filter>리소스 파일\Shader</Filter>
    </None>
    <None Include="..\..\res\Shaders\ScreenQuad.fs">
      <Filter>리소스 파일\Shader</Filter>
    </None>
    <None Include="..\..\res\Shaders\ScreenQuad.vs">
      <Filter>리소스 파일\Shader</Filter>
    </None>
    <None Include="..\..\res\Shaders\Texturing.fs">
      <Filter>리소스 파일\Shader</Filter>
    </None>
    <None Include="..\..\res\Shaders\Texturing.vs">
      <Filter>리소스 파일\Shader</Filter>
    </None>
    <None Include="..\..\res\Shaders\TwoSide.fs">
      <Filter>리소스 파일\Shader</Filter>
    </None>
    <None Include="..\..\res\Shaders\TwoSide.vs">
      <Filter>리소스 파일\Shader</Filter>
    </None>
  </ItemGroup>
</Project>